{
  "object": {
    "pins": [
      {
        "package": "Preprocessing",
        "repositoryURL": "https://github.com/evilgix/Preprocessing",
        "state": {
          "branch": null,
          "revision": "45313257078b70c284def8a24a12df61ac0d08a9",
          "version": "1.0.7"
        }
      }
    ]
  },
  "version": 1
}
