{
  "object": {
    "pins": [
      {
        "package": "Preprocessing",
        "repositoryURL": "https://github.com/evilgix/Preprocessing",
        "state": {
          "branch": null,
          "revision": "d9cf6b9f2655048694f2333d6921ee4a8bd6b816",
          "version": "1.0.6"
        }
      }
    ]
  },
  "version": 1
}
