// !$*UTF8*$!
{
	archiveVersion = 1;
	classes = {
	};
	objectVersion = 48;
	objects = {

/* Begin PBXBuildFile section */
		0A80CFA12019C18300350373 /* AppDelegate.swift in Sources */ = {isa = PBXBuildFile; fileRef = 0A80CFA02019C18300350373 /* AppDelegate.swift */; };
		0A80CFA32019C18300350373 /* ViewController.swift in Sources */ = {isa = PBXBuildFile; fileRef = 0A80CFA22019C18300350373 /* ViewController.swift */; };
		0A80CFA62019C18300350373 /* Main.storyboard in Resources */ = {isa = PBXBuildFile; fileRef = 0A80CFA42019C18300350373 /* Main.storyboard */; };
		0A80CFA82019C18300350373 /* Assets.xcassets in Resources */ = {isa = PBXBuildFile; fileRef = 0A80CFA72019C18300350373 /* Assets.xcassets */; };
		0A80CFAB2019C18300350373 /* LaunchScreen.storyboard in Resources */ = {isa = PBXBuildFile; fileRef = 0A80CFA92019C18300350373 /* LaunchScreen.storyboard */; };
		0AAE5915201C7270005ECB07 /* DebugViewController.swift in Sources */ = {isa = PBXBuildFile; fileRef = 0AAE5914201C7270005ECB07 /* DebugViewController.swift */; };
		0AEBF9ED2019D42400301CED /* Evil.framework in Frameworks */ = {isa = PBXBuildFile; fileRef = 0AEBF9EC2019D41C00301CED /* Evil.framework */; };
		0AEBF9EE2019D42400301CED /* Evil.framework in Embed Frameworks */ = {isa = PBXBuildFile; fileRef = 0AEBF9EC2019D41C00301CED /* Evil.framework */; settings = {ATTRIBUTES = (CodeSignOnCopy, RemoveHeadersOnCopy, ); }; };
/* End PBXBuildFile section */

/* Begin PBXContainerItemProxy section */
		0A80CFB72019C1A000350373 /* PBXContainerItemProxy */ = {
			isa = PBXContainerItemProxy;
			containerPortal = 0A80CFB22019C1A000350373 /* Evil.xcodeproj */;
			proxyType = 2;
			remoteGlobalIDString = 0A80B8072019BCA300350373;
			remoteInfo = "Evil macOS";
		};
		0A80CFBD2019C1B400350373 /* PBXContainerItemProxy */ = {
			isa = PBXContainerItemProxy;
			containerPortal = 0A80CFB22019C1A000350373 /* Evil.xcodeproj */;
			proxyType = 1;
			remoteGlobalIDString = 0A80CFD72019C21F00350373;
			remoteInfo = Evil;
		};
		0AEBF9EB2019D41C00301CED /* PBXContainerItemProxy */ = {
			isa = PBXContainerItemProxy;
			containerPortal = 0A80CFB22019C1A000350373 /* Evil.xcodeproj */;
			proxyType = 2;
			remoteGlobalIDString = 0A80CFD82019C21F00350373;
			remoteInfo = "Evil iOS";
		};
		0AEBF9EF2019D42400301CED /* PBXContainerItemProxy */ = {
			isa = PBXContainerItemProxy;
			containerPortal = 0A80CFB22019C1A000350373 /* Evil.xcodeproj */;
			proxyType = 1;
			remoteGlobalIDString = 0A80CFD72019C21F00350373;
			remoteInfo = "Evil iOS";
		};
/* End PBXContainerItemProxy section */

/* Begin PBXCopyFilesBuildPhase section */
		0A80CFBF2019C1B400350373 /* Embed Frameworks */ = {
			isa = PBXCopyFilesBuildPhase;
			buildActionMask = 2147483647;
			dstPath = "";
			dstSubfolderSpec = 10;
			files = (
				0AEBF9EE2019D42400301CED /* Evil.framework in Embed Frameworks */,
			);
			name = "Embed Frameworks";
			runOnlyForDeploymentPostprocessing = 0;
		};
/* End PBXCopyFilesBuildPhase section */

/* Begin PBXFileReference section */
		0A80CF9D2019C18300350373 /* iOS Example.app */ = {isa = PBXFileReference; explicitFileType = wrapper.application; includeInIndex = 0; path = "iOS Example.app"; sourceTree = BUILT_PRODUCTS_DIR; };
		0A80CFA02019C18300350373 /* AppDelegate.swift */ = {isa = PBXFileReference; lastKnownFileType = sourcecode.swift; path = AppDelegate.swift; sourceTree = "<group>"; };
		0A80CFA22019C18300350373 /* ViewController.swift */ = {isa = PBXFileReference; lastKnownFileType = sourcecode.swift; path = ViewController.swift; sourceTree = "<group>"; };
		0A80CFA52019C18300350373 /* Base */ = {isa = PBXFileReference; lastKnownFileType = file.storyboard; name = Base; path = Base.lproj/Main.storyboard; sourceTree = "<group>"; };
		0A80CFA72019C18300350373 /* Assets.xcassets */ = {isa = PBXFileReference; lastKnownFileType = folder.assetcatalog; path = Assets.xcassets; sourceTree = "<group>"; };
		0A80CFAA2019C18300350373 /* Base */ = {isa = PBXFileReference; lastKnownFileType = file.storyboard; name = Base; path = Base.lproj/LaunchScreen.storyboard; sourceTree = "<group>"; };
		0A80CFAC2019C18300350373 /* Info.plist */ = {isa = PBXFileReference; lastKnownFileType = text.plist.xml; path = Info.plist; sourceTree = "<group>"; };
		0A80CFB22019C1A000350373 /* Evil.xcodeproj */ = {isa = PBXFileReference; lastKnownFileType = "wrapper.pb-project"; name = Evil.xcodeproj; path = ../Evil.xcodeproj; sourceTree = "<group>"; };
		0AAE5914201C7270005ECB07 /* DebugViewController.swift */ = {isa = PBXFileReference; lastKnownFileType = sourcecode.swift; path = DebugViewController.swift; sourceTree = "<group>"; };
/* End PBXFileReference section */

/* Begin PBXFrameworksBuildPhase section */
		0A80CF9A2019C18300350373 /* Frameworks */ = {
			isa = PBXFrameworksBuildPhase;
			buildActionMask = 2147483647;
			files = (
				0AEBF9ED2019D42400301CED /* Evil.framework in Frameworks */,
			);
			runOnlyForDeploymentPostprocessing = 0;
		};
/* End PBXFrameworksBuildPhase section */

/* Begin PBXGroup section */
		0A80CF942019C18300350373 = {
			isa = PBXGroup;
			children = (
				0A80CF9F2019C18300350373 /* iOS Example */,
				0A80CF9E2019C18300350373 /* Products */,
				0A80CFB22019C1A000350373 /* Evil.xcodeproj */,
			);
			sourceTree = "<group>";
		};
		0A80CF9E2019C18300350373 /* Products */ = {
			isa = PBXGroup;
			children = (
				0A80CF9D2019C18300350373 /* iOS Example.app */,
			);
			name = Products;
			sourceTree = "<group>";
		};
		0A80CF9F2019C18300350373 /* iOS Example */ = {
			isa = PBXGroup;
			children = (
				0A80CFA02019C18300350373 /* AppDelegate.swift */,
				0A80CFA22019C18300350373 /* ViewController.swift */,
				0AAE5914201C7270005ECB07 /* DebugViewController.swift */,
				0A80CFA42019C18300350373 /* Main.storyboard */,
				0A80CFA72019C18300350373 /* Assets.xcassets */,
				0A80CFA92019C18300350373 /* LaunchScreen.storyboard */,
				0A80CFAC2019C18300350373 /* Info.plist */,
			);
			path = "iOS Example";
			sourceTree = "<group>";
		};
		0A80CFB32019C1A000350373 /* Products */ = {
			isa = PBXGroup;
			children = (
				0AEBF9EC2019D41C00301CED /* Evil.framework */,
				0A80CFB82019C1A000350373 /* Evil.framework */,
			);
			name = Products;
			sourceTree = "<group>";
		};
/* End PBXGroup section */

/* Begin PBXNativeTarget section */
		0A80CF9C2019C18300350373 /* iOS Example */ = {
			isa = PBXNativeTarget;
			buildConfigurationList = 0A80CFAF2019C18300350373 /* Build configuration list for PBXNativeTarget "iOS Example" */;
			buildPhases = (
				0A80CF992019C18300350373 /* Sources */,
				0A80CF9A2019C18300350373 /* Frameworks */,
				0A80CF9B2019C18300350373 /* Resources */,
				0A80CFBF2019C1B400350373 /* Embed Frameworks */,
			);
			buildRules = (
			);
			dependencies = (
				0A80CFBE2019C1B400350373 /* PBXTargetDependency */,
				0AEBF9F02019D42400301CED /* PBXTargetDependency */,
			);
			name = "iOS Example";
			productName = "iOS Example";
			productReference = 0A80CF9D2019C18300350373 /* iOS Example.app */;
			productType = "com.apple.product-type.application";
		};
/* End PBXNativeTarget section */

/* Begin PBXProject section */
		0A80CF952019C18300350373 /* Project object */ = {
			isa = PBXProject;
			attributes = {
				LastSwiftUpdateCheck = 0920;
				LastUpgradeCheck = 0920;
				ORGANIZATIONNAME = Gix;
				TargetAttributes = {
					0A80CF9C2019C18300350373 = {
						CreatedOnToolsVersion = 9.2;
						ProvisioningStyle = Automatic;
					};
				};
			};
			buildConfigurationList = 0A80CF982019C18300350373 /* Build configuration list for PBXProject "iOS Example" */;
			compatibilityVersion = "Xcode 8.0";
			developmentRegion = en;
			hasScannedForEncodings = 0;
			knownRegions = (
				en,
				Base,
			);
			mainGroup = 0A80CF942019C18300350373;
			productRefGroup = 0A80CF9E2019C18300350373 /* Products */;
			projectDirPath = "";
			projectReferences = (
				{
					ProductGroup = 0A80CFB32019C1A000350373 /* Products */;
					ProjectRef = 0A80CFB22019C1A000350373 /* Evil.xcodeproj */;
				},
			);
			projectRoot = "";
			targets = (
				0A80CF9C2019C18300350373 /* iOS Example */,
			);
		};
/* End PBXProject section */

/* Begin PBXReferenceProxy section */
		0A80CFB82019C1A000350373 /* Evil.framework */ = {
			isa = PBXReferenceProxy;
			fileType = wrapper.framework;
			path = Evil.framework;
			remoteRef = 0A80CFB72019C1A000350373 /* PBXContainerItemProxy */;
			sourceTree = BUILT_PRODUCTS_DIR;
		};
		0AEBF9EC2019D41C00301CED /* Evil.framework */ = {
			isa = PBXReferenceProxy;
			fileType = wrapper.framework;
			path = Evil.framework;
			remoteRef = 0AEBF9EB2019D41C00301CED /* PBXContainerItemProxy */;
			sourceTree = BUILT_PRODUCTS_DIR;
		};
/* End PBXReferenceProxy section */

/* Begin PBXResourcesBuildPhase section */
		0A80CF9B2019C18300350373 /* Resources */ = {
			isa = PBXResourcesBuildPhase;
			buildActionMask = 2147483647;
			files = (
				0A80CFAB2019C18300350373 /* LaunchScreen.storyboard in Resources */,
				0A80CFA82019C18300350373 /* Assets.xcassets in Resources */,
				0A80CFA62019C18300350373 /* Main.storyboard in Resources */,
			);
			runOnlyForDeploymentPostprocessing = 0;
		};
/* End PBXResourcesBuildPhase section */

/* Begin PBXSourcesBuildPhase section */
		0A80CF992019C18300350373 /* Sources */ = {
			isa = PBXSourcesBuildPhase;
			buildActionMask = 2147483647;
			files = (
				0AAE5915201C7270005ECB07 /* DebugViewController.swift in Sources */,
				0A80CFA32019C18300350373 /* ViewController.swift in Sources */,
				0A80CFA12019C18300350373 /* AppDelegate.swift in Sources */,
			);
			runOnlyForDeploymentPostprocessing = 0;
		};
/* End PBXSourcesBuildPhase section */

/* Begin PBXTargetDependency section */
		0A80CFBE2019C1B400350373 /* PBXTargetDependency */ = {
			isa = PBXTargetDependency;
			name = Evil;
			targetProxy = 0A80CFBD2019C1B400350373 /* PBXContainerItemProxy */;
		};
		0AEBF9F02019D42400301CED /* PBXTargetDependency */ = {
			isa = PBXTargetDependency;
			name = "Evil iOS";
			targetProxy = 0AEBF9EF2019D42400301CED /* PBXContainerItemProxy */;
		};
/* End PBXTargetDependency section */

/* Begin PBXVariantGroup section */
		0A80CFA42019C18300350373 /* Main.storyboard */ = {
			isa = PBXVariantGroup;
			children = (
				0A80CFA52019C18300350373 /* Base */,
			);
			name = Main.storyboard;
			sourceTree = "<group>";
		};
		0A80CFA92019C18300350373 /* LaunchScreen.storyboard */ = {
			isa = PBXVariantGroup;
			children = (
				0A80CFAA2019C18300350373 /* Base */,
			);
			name = LaunchScreen.storyboard;
			sourceTree = "<group>";
		};
/* End PBXVariantGroup section */

/* Begin XCBuildConfiguration section */
		0A80CFAD2019C18300350373 /* Debug */ = {
			isa = XCBuildConfiguration;
			buildSettings = {
				ALWAYS_SEARCH_USER_PATHS = NO;
				CLANG_ANALYZER_NONNULL = YES;
				CLANG_ANALYZER_NUMBER_OBJECT_CONVERSION = YES_AGGRESSIVE;
				CLANG_CXX_LANGUAGE_STANDARD = "gnu++14";
				CLANG_CXX_LIBRARY = "libc++";
				CLANG_ENABLE_MODULES = YES;
				CLANG_ENABLE_OBJC_ARC = YES;
				CLANG_WARN_BLOCK_CAPTURE_AUTORELEASING = YES;
				CLANG_WARN_BOOL_CONVERSION = YES;
				CLANG_WARN_COMMA = YES;
				CLANG_WARN_CONSTANT_CONVERSION = YES;
				CLANG_WARN_DIRECT_OBJC_ISA_USAGE = YES_ERROR;
				CLANG_WARN_DOCUMENTATION_COMMENTS = YES;
				CLANG_WARN_EMPTY_BODY = YES;
				CLANG_WARN_ENUM_CONVERSION = YES;
				CLANG_WARN_INFINITE_RECURSION = YES;
				CLANG_WARN_INT_CONVERSION = YES;
				CLANG_WARN_NON_LITERAL_NULL_CONVERSION = YES;
				CLANG_WARN_OBJC_LITERAL_CONVERSION = YES;
				CLANG_WARN_OBJC_ROOT_CLASS = YES_ERROR;
				CLANG_WARN_RANGE_LOOP_ANALYSIS = YES;
				CLANG_WARN_STRICT_PROTOTYPES = YES;
				CLANG_WARN_SUSPICIOUS_MOVE = YES;
				CLANG_WARN_UNGUARDED_AVAILABILITY = YES_AGGRESSIVE;
				CLANG_WARN_UNREACHABLE_CODE = YES;
				CLANG_WARN__DUPLICATE_METHOD_MATCH = YES;
				CODE_SIGN_IDENTITY = "iPhone Developer";
				COPY_PHASE_STRIP = NO;
				DEBUG_INFORMATION_FORMAT = dwarf;
				ENABLE_STRICT_OBJC_MSGSEND = YES;
				ENABLE_TESTABILITY = YES;
				GCC_C_LANGUAGE_STANDARD = gnu11;
				GCC_DYNAMIC_NO_PIC = NO;
				GCC_NO_COMMON_BLOCKS = YES;
				GCC_OPTIMIZATION_LEVEL = 0;
				GCC_PREPROCESSOR_DEFINITIONS = (
					"DEBUG=1",
					"$(inherited)",
				);
				GCC_WARN_64_TO_32_BIT_CONVERSION = YES;
				GCC_WARN_ABOUT_RETURN_TYPE = YES_ERROR;
				GCC_WARN_UNDECLARED_SELECTOR = YES;
				GCC_WARN_UNINITIALIZED_AUTOS = YES_AGGRESSIVE;
				GCC_WARN_UNUSED_FUNCTION = YES;
				GCC_WARN_UNUSED_VARIABLE = YES;
				IPHONEOS_DEPLOYMENT_TARGET = 11.2;
				MTL_ENABLE_DEBUG_INFO = YES;
				ONLY_ACTIVE_ARCH = YES;
				SDKROOT = iphoneos;
				SWIFT_ACTIVE_COMPILATION_CONDITIONS = DEBUG;
				SWIFT_OPTIMIZATION_LEVEL = "-Onone";
			};
			name = Debug;
		};
		0A80CFAE2019C18300350373 /* Release */ = {
			isa = XCBuildConfiguration;
			buildSettings = {
				ALWAYS_SEARCH_USER_PATHS = NO;
				CLANG_ANALYZER_NONNULL = YES;
				CLANG_ANALYZER_NUMBER_OBJECT_CONVERSION = YES_AGGRESSIVE;
				CLANG_CXX_LANGUAGE_STANDARD = "gnu++14";
				CLANG_CXX_LIBRARY = "libc++";
				CLANG_ENABLE_MODULES = YES;
				CLANG_ENABLE_OBJC_ARC = YES;
				CLANG_WARN_BLOCK_CAPTURE_AUTORELEASING = YES;
				CLANG_WARN_BOOL_CONVERSION = YES;
				CLANG_WARN_COMMA = YES;
				CLANG_WARN_CONSTANT_CONVERSION = YES;
				CLANG_WARN_DIRECT_OBJC_ISA_USAGE = YES_ERROR;
				CLANG_WARN_DOCUMENTATION_COMMENTS = YES;
				CLANG_WARN_EMPTY_BODY = YES;
				CLANG_WARN_ENUM_CONVERSION = YES;
				CLANG_WARN_INFINITE_RECURSION = YES;
				CLANG_WARN_INT_CONVERSION = YES;
				CLANG_WARN_NON_LITERAL_NULL_CONVERSION = YES;
				CLANG_WARN_OBJC_LITERAL_CONVERSION = YES;
				CLANG_WARN_OBJC_ROOT_CLASS = YES_ERROR;
				CLANG_WARN_RANGE_LOOP_ANALYSIS = YES;
				CLANG_WARN_STRICT_PROTOTYPES = YES;
				CLANG_WARN_SUSPICIOUS_MOVE = YES;
				CLANG_WARN_UNGUARDED_AVAILABILITY = YES_AGGRESSIVE;
				CLANG_WARN_UNREACHABLE_CODE = YES;
				CLANG_WARN__DUPLICATE_METHOD_MATCH = YES;
				CODE_SIGN_IDENTITY = "iPhone Developer";
				COPY_PHASE_STRIP = NO;
				DEBUG_INFORMATION_FORMAT = "dwarf-with-dsym";
				ENABLE_NS_ASSERTIONS = NO;
				ENABLE_STRICT_OBJC_MSGSEND = YES;
				GCC_C_LANGUAGE_STANDARD = gnu11;
				GCC_NO_COMMON_BLOCKS = YES;
				GCC_WARN_64_TO_32_BIT_CONVERSION = YES;
				GCC_WARN_ABOUT_RETURN_TYPE = YES_ERROR;
				GCC_WARN_UNDECLARED_SELECTOR = YES;
				GCC_WARN_UNINITIALIZED_AUTOS = YES_AGGRESSIVE;
				GCC_WARN_UNUSED_FUNCTION = YES;
				GCC_WARN_UNUSED_VARIABLE = YES;
				IPHONEOS_DEPLOYMENT_TARGET = 11.2;
				MTL_ENABLE_DEBUG_INFO = NO;
				SDKROOT = iphoneos;
				SWIFT_OPTIMIZATION_LEVEL = "-Owholemodule";
				VALIDATE_PRODUCT = YES;
			};
			name = Release;
		};
		0A80CFB02019C18300350373 /* Debug */ = {
			isa = XCBuildConfiguration;
			buildSettings = {
				ALWAYS_EMBED_SWIFT_STANDARD_LIBRARIES = YES;
				ASSETCATALOG_COMPILER_APPICON_NAME = AppIcon;
				CODE_SIGN_STYLE = Automatic;
				DEVELOPMENT_TEAM = PU764FA74Y;
				INFOPLIST_FILE = "iOS Example/Info.plist";
				LD_RUNPATH_SEARCH_PATHS = "$(inherited) @executable_path/Frameworks";
				PRODUCT_BUNDLE_IDENTIFIER = "store.dolores.evil.iOS-Example";
				PRODUCT_NAME = "$(TARGET_NAME)";
				SWIFT_VERSION = 4.0;
				TARGETED_DEVICE_FAMILY = "1,2";
			};
			name = Debug;
		};
		0A80CFB12019C18300350373 /* Release */ = {
			isa = XCBuildConfiguration;
			buildSettings = {
				ALWAYS_EMBED_SWIFT_STANDARD_LIBRARIES = YES;
				ASSETCATALOG_COMPILER_APPICON_NAME = AppIcon;
				CODE_SIGN_STYLE = Automatic;
				DEVELOPMENT_TEAM = PU764FA74Y;
				INFOPLIST_FILE = "iOS Example/Info.plist";
				LD_RUNPATH_SEARCH_PATHS = "$(inherited) @executable_path/Frameworks";
				PRODUCT_BUNDLE_IDENTIFIER = "store.dolores.evil.iOS-Example";
				PRODUCT_NAME = "$(TARGET_NAME)";
				SWIFT_VERSION = 4.0;
				TARGETED_DEVICE_FAMILY = "1,2";
			};
			name = Release;
		};
/* End XCBuildConfiguration section */

/* Begin XCConfigurationList section */
		0A80CF982019C18300350373 /* Build configuration list for PBXProject "iOS Example" */ = {
			isa = XCConfigurationList;
			buildConfigurations = (
				0A80CFAD2019C18300350373 /* Debug */,
				0A80CFAE2019C18300350373 /* Release */,
			);
			defaultConfigurationIsVisible = 0;
			defaultConfigurationName = Release;
		};
		0A80CFAF2019C18300350373 /* Build configuration list for PBXNativeTarget "iOS Example" */ = {
			isa = XCConfigurationList;
			buildConfigurations = (
				0A80CFB02019C18300350373 /* Debug */,
				0A80CFB12019C18300350373 /* Release */,
			);
			defaultConfigurationIsVisible = 0;
			defaultConfigurationName = Release;
		};
/* End XCConfigurationList section */
	};
	rootObject = 0A80CF952019C18300350373 /* Project object */;
}
